
Microsoft Visual Studio Solution File, Format Version 12.00
# Visual Studio Version 17
VisualStudioVersion = 17.8.34525.116
MinimumVisualStudioVersion = 10.0.40219.1
Project("{FAE04EC0-301F-11D3-BF4B-00C04F79EFBC}") = "Expense Tracker", "Expense Tracker\Expense Tracker.csproj", "{F1998E9A-0542-4847-9230-94A91B9DABAA}"
EndProject
Project("{2150E333-8FDC-42A3-9474-1A3956D46DE8}") = "Solution Items", "Solution Items", "{6C83CF59-3E31-43AD-A5D5-263E57D347B4}"
	ProjectSection(SolutionItems) = preProject
		.editorconfig = .editorconfig
	EndProjectSection
EndProject
Global
	GlobalSection(SolutionConfigurationPlatforms) = preSolution
		Debug|Any CPU = Debug|Any CPU
		Release|Any CPU = Release|Any CPU
	EndGlobalSection
	GlobalSection(ProjectConfigurationPlatforms) = postSolution
		{F1998E9A-0542-4847-9230-94A91B9DABAA}.Debug|Any CPU.ActiveCfg = Debug|Any CPU
		{F1998E9A-0542-4847-9230-94A91B9DABAA}.Debug|Any CPU.Build.0 = Debug|Any CPU
		{F1998E9A-0542-4847-9230-94A91B9DABAA}.Release|Any CPU.ActiveCfg = Release|Any CPU
		{F1998E9A-0542-4847-9230-94A91B9DABAA}.Release|Any CPU.Build.0 = Release|Any CPU
	EndGlobalSection
	GlobalSection(SolutionProperties) = preSolution
		HideSolutionNode = FALSE
	EndGlobalSection
	GlobalSection(ExtensibilityGlobals) = postSolution
		SolutionGuid = {6BCD65DD-E25A-46C1-8B81-1D524E15B7A9}
	EndGlobalSection
EndGlobal
